// !$*UTF8*$!
{
	archiveVersion = 1;
	classes = {
	};
	objectVersion = 48;
	objects = {

/* Begin PBXBuildFile section */
		162AE707205F591B0064E885 /* AppDelegate.swift in Sources */ = {isa = PBXBuildFile; fileRef = 162AE706205F591B0064E885 /* AppDelegate.swift */; };
		162AE709205F591B0064E885 /* ViewController.swift in Sources */ = {isa = PBXBuildFile; fileRef = 162AE708205F591B0064E885 /* ViewController.swift */; };
		162AE70F205F591B0064E885 /* FacebookMessenger.xcdatamodeld in Sources */ = {isa = PBXBuildFile; fileRef = 162AE70D205F591B0064E885 /* FacebookMessenger.xcdatamodeld */; };
		162AE711205F591B0064E885 /* Assets.xcassets in Resources */ = {isa = PBXBuildFile; fileRef = 162AE710205F591B0064E885 /* Assets.xcassets */; };
		162AE714205F591B0064E885 /* LaunchScreen.storyboard in Resources */ = {isa = PBXBuildFile; fileRef = 162AE712205F591B0064E885 /* LaunchScreen.storyboard */; };
/* End PBXBuildFile section */

/* Begin PBXFileReference section */
		162AE703205F591B0064E885 /* FacebookMessenger.app */ = {isa = PBXFileReference; explicitFileType = wrapper.application; includeInIndex = 0; path = FacebookMessenger.app; sourceTree = BUILT_PRODUCTS_DIR; };
		162AE706205F591B0064E885 /* AppDelegate.swift */ = {isa = PBXFileReference; lastKnownFileType = sourcecode.swift; path = AppDelegate.swift; sourceTree = "<group>"; };
		162AE708205F591B0064E885 /* ViewController.swift */ = {isa = PBXFileReference; lastKnownFileType = sourcecode.swift; path = ViewController.swift; sourceTree = "<group>"; };
		162AE70E205F591B0064E885 /* FacebookMessenger.xcdatamodel */ = {isa = PBXFileReference; lastKnownFileType = wrapper.xcdatamodel; path = FacebookMessenger.xcdatamodel; sourceTree = "<group>"; };
		162AE710205F591B0064E885 /* Assets.xcassets */ = {isa = PBXFileReference; lastKnownFileType = folder.assetcatalog; path = Assets.xcassets; sourceTree = "<group>"; };
		162AE713205F591B0064E885 /* Base */ = {isa = PBXFileReference; lastKnownFileType = file.storyboard; name = Base; path = Base.lproj/LaunchScreen.storyboard; sourceTree = "<group>"; };
		162AE715205F591B0064E885 /* Info.plist */ = {isa = PBXFileReference; lastKnownFileType = text.plist.xml; path = Info.plist; sourceTree = "<group>"; };
/* End PBXFileReference section */

/* Begin PBXFrameworksBuildPhase section */
		162AE700205F591B0064E885 /* Frameworks */ = {
			isa = PBXFrameworksBuildPhase;
			buildActionMask = 2147483647;
			files = (
			);
			runOnlyForDeploymentPostprocessing = 0;
		};
/* End PBXFrameworksBuildPhase section */

/* Begin PBXGroup section */
		162AE6FA205F591B0064E885 = {
			isa = PBXGroup;
			children = (
				162AE705205F591B0064E885 /* FacebookMessenger */,
				162AE704205F591B0064E885 /* Products */,
			);
			sourceTree = "<group>";
		};
		162AE704205F591B0064E885 /* Products */ = {
			isa = PBXGroup;
			children = (
				162AE703205F591B0064E885 /* FacebookMessenger.app */,
			);
			name = Products;
			sourceTree = "<group>";
		};
		162AE705205F591B0064E885 /* FacebookMessenger */ = {
			isa = PBXGroup;
			children = (
				162AE706205F591B0064E885 /* AppDelegate.swift */,
				162AE708205F591B0064E885 /* ViewController.swift */,
				162AE710205F591B0064E885 /* Assets.xcassets */,
				162AE712205F591B0064E885 /* LaunchScreen.storyboard */,
				162AE715205F591B0064E885 /* Info.plist */,
				162AE70D205F591B0064E885 /* FacebookMessenger.xcdatamodeld */,
			);
			path = FacebookMessenger;
			sourceTree = "<group>";
		};
/* End PBXGroup section */

/* Begin PBXNativeTarget section */
		162AE702205F591B0064E885 /* FacebookMessenger */ = {
			isa = PBXNativeTarget;
			buildConfigurationList = 162AE718205F591B0064E885 /* Build configuration list for PBXNativeTarget "FacebookMessenger" */;
			buildPhases = (
				162AE6FF205F591B0064E885 /* Sources */,
				162AE700205F591B0064E885 /* Frameworks */,
				162AE701205F591B0064E885 /* Resources */,
			);
			buildRules = (
			);
			dependencies = (
			);
			name = FacebookMessenger;
			productName = FacebookMessenger;
			productReference = 162AE703205F591B0064E885 /* FacebookMessenger.app */;
			productType = "com.apple.product-type.application";
		};
/* End PBXNativeTarget section */

/* Begin PBXProject section */
		162AE6FB205F591B0064E885 /* Project object */ = {
			isa = PBXProject;
			attributes = {
				LastSwiftUpdateCheck = 0910;
				LastUpgradeCheck = 0910;
				ORGANIZATIONNAME = sayedAbdo;
				TargetAttributes = {
					162AE702205F591B0064E885 = {
						CreatedOnToolsVersion = 9.1;
						ProvisioningStyle = Automatic;
					};
				};
			};
			buildConfigurationList = 162AE6FE205F591B0064E885 /* Build configuration list for PBXProject "FacebookMessenger" */;
			compatibilityVersion = "Xcode 8.0";
			developmentRegion = en;
			hasScannedForEncodings = 0;
			knownRegions = (
				en,
				Base,
			);
			mainGroup = 162AE6FA205F591B0064E885;
			productRefGroup = 162AE704205F591B0064E885 /* Products */;
			projectDirPath = "";
			projectRoot = "";
			targets = (
				162AE702205F591B0064E885 /* FacebookMessenger */,
			);
		};
/* End PBXProject section */

/* Begin PBXResourcesBuildPhase section */
		162AE701205F591B0064E885 /* Resources */ = {
			isa = PBXResourcesBuildPhase;
			buildActionMask = 2147483647;
			files = (
				162AE714205F591B0064E885 /* LaunchScreen.storyboard in Resources */,
				162AE711205F591B0064E885 /* Assets.xcassets in Resources */,
			);
			runOnlyForDeploymentPostprocessing = 0;
		};
/* End PBXResourcesBuildPhase section */

/* Begin PBXSourcesBuildPhase section */
		162AE6FF205F591B0064E885 /* Sources */ = {
			isa = PBXSourcesBuildPhase;
			buildActionMask = 2147483647;
			files = (
				162AE709205F591B0064E885 /* ViewController.swift in Sources */,
				162AE707205F591B0064E885 /* AppDelegate.swift in Sources */,
				162AE70F205F591B0064E885 /* FacebookMessenger.xcdatamodeld in Sources */,
			);
			runOnlyForDeploymentPostprocessing = 0;
		};
/* End PBXSourcesBuildPhase section */

/* Begin PBXVariantGroup section */
		162AE712205F591B0064E885 /* LaunchScreen.storyboard */ = {
			isa = PBXVariantGroup;
			children = (
				162AE713205F591B0064E885 /* Base */,
			);
			name = LaunchScreen.storyboard;
			sourceTree = "<group>";
		};
/* End PBXVariantGroup section */

/* Begin XCBuildConfiguration section */
		162AE716205F591B0064E885 /* Debug */ = {
			isa = XCBuildConfiguration;
			buildSettings = {
				ALWAYS_SEARCH_USER_PATHS = NO;
				CLANG_ANALYZER_NONNULL = YES;
				CLANG_ANALYZER_NUMBER_OBJECT_CONVERSION = YES_AGGRESSIVE;
				CLANG_CXX_LANGUAGE_STANDARD = "gnu++14";
				CLANG_CXX_LIBRARY = "libc++";
				CLANG_ENABLE_MODULES = YES;
				CLANG_ENABLE_OBJC_ARC = YES;
				CLANG_WARN_BLOCK_CAPTURE_AUTORELEASING = YES;
				CLANG_WARN_BOOL_CONVERSION = YES;
				CLANG_WARN_COMMA = YES;
				CLANG_WARN_CONSTANT_CONVERSION = YES;
				CLANG_WARN_DIRECT_OBJC_ISA_USAGE = YES_ERROR;
				CLANG_WARN_DOCUMENTATION_COMMENTS = YES;
				CLANG_WARN_EMPTY_BODY = YES;
				CLANG_WARN_ENUM_CONVERSION = YES;
				CLANG_WARN_INFINITE_RECURSION = YES;
				CLANG_WARN_INT_CONVERSION = YES;
				CLANG_WARN_NON_LITERAL_NULL_CONVERSION = YES;
				CLANG_WARN_OBJC_LITERAL_CONVERSION = YES;
				CLANG_WARN_OBJC_ROOT_CLASS = YES_ERROR;
				CLANG_WARN_RANGE_LOOP_ANALYSIS = YES;
				CLANG_WARN_STRICT_PROTOTYPES = YES;
				CLANG_WARN_SUSPICIOUS_MOVE = YES;
				CLANG_WARN_UNGUARDED_AVAILABILITY = YES_AGGRESSIVE;
				CLANG_WARN_UNREACHABLE_CODE = YES;
				CLANG_WARN__DUPLICATE_METHOD_MATCH = YES;
				CODE_SIGN_IDENTITY = "iPhone Developer";
				COPY_PHASE_STRIP = NO;
				DEBUG_INFORMATION_FORMAT = dwarf;
				ENABLE_STRICT_OBJC_MSGSEND = YES;
				ENABLE_TESTABILITY = YES;
				GCC_C_LANGUAGE_STANDARD = gnu11;
				GCC_DYNAMIC_NO_PIC = NO;
				GCC_NO_COMMON_BLOCKS = YES;
				GCC_OPTIMIZATION_LEVEL = 0;
				GCC_PREPROCESSOR_DEFINITIONS = (
					"DEBUG=1",
					"$(inherited)",
				);
				GCC_WARN_64_TO_32_BIT_CONVERSION = YES;
				GCC_WARN_ABOUT_RETURN_TYPE = YES_ERROR;
				GCC_WARN_UNDECLARED_SELECTOR = YES;
				GCC_WARN_UNINITIALIZED_AUTOS = YES_AGGRESSIVE;
				GCC_WARN_UNUSED_FUNCTION = YES;
				GCC_WARN_UNUSED_VARIABLE = YES;
				IPHONEOS_DEPLOYMENT_TARGET = 11.1;
				MTL_ENABLE_DEBUG_INFO = YES;
				ONLY_ACTIVE_ARCH = YES;
				SDKROOT = iphoneos;
				SWIFT_ACTIVE_COMPILATION_CONDITIONS = DEBUG;
				SWIFT_OPTIMIZATION_LEVEL = "-Onone";
			};
			name = Debug;
		};
		162AE717205F591B0064E885 /* Release */ = {
			isa = XCBuildConfiguration;
			buildSettings = {
				ALWAYS_SEARCH_USER_PATHS = NO;
				CLANG_ANALYZER_NONNULL = YES;
				CLANG_ANALYZER_NUMBER_OBJECT_CONVERSION = YES_AGGRESSIVE;
				CLANG_CXX_LANGUAGE_STANDARD = "gnu++14";
				CLANG_CXX_LIBRARY = "libc++";
				CLANG_ENABLE_MODULES = YES;
				CLANG_ENABLE_OBJC_ARC = YES;
				CLANG_WARN_BLOCK_CAPTURE_AUTORELEASING = YES;
				CLANG_WARN_BOOL_CONVERSION = YES;
				CLANG_WARN_COMMA = YES;
				CLANG_WARN_CONSTANT_CONVERSION = YES;
				CLANG_WARN_DIRECT_OBJC_ISA_USAGE = YES_ERROR;
				CLANG_WARN_DOCUMENTATION_COMMENTS = YES;
				CLANG_WARN_EMPTY_BODY = YES;
				CLANG_WARN_ENUM_CONVERSION = YES;
				CLANG_WARN_INFINITE_RECURSION = YES;
				CLANG_WARN_INT_CONVERSION = YES;
				CLANG_WARN_NON_LITERAL_NULL_CONVERSION = YES;
				CLANG_WARN_OBJC_LITERAL_CONVERSION = YES;
				CLANG_WARN_OBJC_ROOT_CLASS = YES_ERROR;
				CLANG_WARN_RANGE_LOOP_ANALYSIS = YES;
				CLANG_WARN_STRICT_PROTOTYPES = YES;
				CLANG_WARN_SUSPICIOUS_MOVE = YES;
				CLANG_WARN_UNGUARDED_AVAILABILITY = YES_AGGRESSIVE;
				CLANG_WARN_UNREACHABLE_CODE = YES;
				CLANG_WARN__DUPLICATE_METHOD_MATCH = YES;
				CODE_SIGN_IDENTITY = "iPhone Developer";
				COPY_PHASE_STRIP = NO;
				DEBUG_INFORMATION_FORMAT = "dwarf-with-dsym";
				ENABLE_NS_ASSERTIONS = NO;
				ENABLE_STRICT_OBJC_MSGSEND = YES;
				GCC_C_LANGUAGE_STANDARD = gnu11;
				GCC_NO_COMMON_BLOCKS = YES;
				GCC_WARN_64_TO_32_BIT_CONVERSION = YES;
				GCC_WARN_ABOUT_RETURN_TYPE = YES_ERROR;
				GCC_WARN_UNDECLARED_SELECTOR = YES;
				GCC_WARN_UNINITIALIZED_AUTOS = YES_AGGRESSIVE;
				GCC_WARN_UNUSED_FUNCTION = YES;
				GCC_WARN_UNUSED_VARIABLE = YES;
				IPHONEOS_DEPLOYMENT_TARGET = 11.1;
				MTL_ENABLE_DEBUG_INFO = NO;
				SDKROOT = iphoneos;
				SWIFT_OPTIMIZATION_LEVEL = "-Owholemodule";
				VALIDATE_PRODUCT = YES;
			};
			name = Release;
		};
		162AE719205F591B0064E885 /* Debug */ = {
			isa = XCBuildConfiguration;
			buildSettings = {
				ASSETCATALOG_COMPILER_APPICON_NAME = AppIcon;
				CODE_SIGN_STYLE = Automatic;
				DEVELOPMENT_TEAM = 9485R43S33;
				INFOPLIST_FILE = FacebookMessenger/Info.plist;
				LD_RUNPATH_SEARCH_PATHS = "$(inherited) @executable_path/Frameworks";
				PRODUCT_BUNDLE_IDENTIFIER = Sayed.abdo.FacebookMessenger;
				PRODUCT_NAME = "$(TARGET_NAME)";
				SWIFT_VERSION = 4.0;
				TARGETED_DEVICE_FAMILY = "1,2";
			};
			name = Debug;
		};
		162AE71A205F591B0064E885 /* Release */ = {
			isa = XCBuildConfiguration;
			buildSettings = {
				ASSETCATALOG_COMPILER_APPICON_NAME = AppIcon;
				CODE_SIGN_STYLE = Automatic;
				DEVELOPMENT_TEAM = 9485R43S33;
				INFOPLIST_FILE = FacebookMessenger/Info.plist;
				LD_RUNPATH_SEARCH_PATHS = "$(inherited) @executable_path/Frameworks";
				PRODUCT_BUNDLE_IDENTIFIER = Sayed.abdo.FacebookMessenger;
				PRODUCT_NAME = "$(TARGET_NAME)";
				SWIFT_VERSION = 4.0;
				TARGETED_DEVICE_FAMILY = "1,2";
			};
			name = Release;
		};
/* End XCBuildConfiguration section */

/* Begin XCConfigurationList section */
		162AE6FE205F591B0064E885 /* Build configuration list for PBXProject "FacebookMessenger" */ = {
			isa = XCConfigurationList;
			buildConfigurations = (
				162AE716205F591B0064E885 /* Debug */,
				162AE717205F591B0064E885 /* Release */,
			);
			defaultConfigurationIsVisible = 0;
			defaultConfigurationName = Release;
		};
		162AE718205F591B0064E885 /* Build configuration list for PBXNativeTarget "FacebookMessenger" */ = {
			isa = XCConfigurationList;
			buildConfigurations = (
				162AE719205F591B0064E885 /* Debug */,
				162AE71A205F591B0064E885 /* Release */,
			);
			defaultConfigurationIsVisible = 0;
			defaultConfigurationName = Release;
		};
/* End XCConfigurationList section */

/* Begin XCVersionGroup section */
		162AE70D205F591B0064E885 /* FacebookMessenger.xcdatamodeld */ = {
			isa = XCVersionGroup;
			children = (
				162AE70E205F591B0064E885 /* FacebookMessenger.xcdatamodel */,
			);
			currentVersion = 162AE70E205F591B0064E885 /* FacebookMessenger.xcdatamodel */;
			path = FacebookMessenger.xcdatamodeld;
			sourceTree = "<group>";
			versionGroupType = wrapper.xcdatamodel;
		};
/* End XCVersionGroup section */
	};
	rootObject = 162AE6FB205F591B0064E885 /* Project object */;
}
